// !$*UTF8*$!
{
	archiveVersion = 1;
	classes = {
	};
	objectVersion = 51;
	objects = {

/* Begin PBXBuildFile section */
		1B3C122526FC5AC500235294 /* accountInfoCell.m in Sources */ = {isa = PBXBuildFile; fileRef = 1B3C122326FC5AC500235294 /* accountInfoCell.m */; };
		1B3C122626FC5AC500235294 /* accountInfoCell.xib in Resources */ = {isa = PBXBuildFile; fileRef = 1B3C122426FC5AC500235294 /* accountInfoCell.xib */; };
		1B3C122826FC706000235294 /* LoginViewController.xib in Resources */ = {isa = PBXBuildFile; fileRef = 1B3C122726FC706000235294 /* LoginViewController.xib */; };
		1B3C122C26FC7D3600235294 /* accountOrderCell.m in Sources */ = {isa = PBXBuildFile; fileRef = 1B3C122A26FC7D3600235294 /* accountOrderCell.m */; };
		1B3C122D26FC7D3600235294 /* accountOrderCell.xib in Resources */ = {isa = PBXBuildFile; fileRef = 1B3C122B26FC7D3600235294 /* accountOrderCell.xib */; };
		1B3C123126FC808F00235294 /* accountSubCell.m in Sources */ = {isa = PBXBuildFile; fileRef = 1B3C122F26FC808F00235294 /* accountSubCell.m */; };
		1B3C123226FC808F00235294 /* accountSubCell.xib in Resources */ = {isa = PBXBuildFile; fileRef = 1B3C123026FC808F00235294 /* accountSubCell.xib */; };
		1BDBEB8D26FCB24C0018109B /* BaseNavigationController.m in Sources */ = {isa = PBXBuildFile; fileRef = 1BDBEB8C26FCB24C0018109B /* BaseNavigationController.m */; };
		4B9FB9DD26FB7A1F00C90790 /* CartViewController.m in Sources */ = {isa = PBXBuildFile; fileRef = 4B9FB9DA26FB7A1F00C90790 /* CartViewController.m */; };
		4B9FB9F326FB7A7C00C90790 /* AccountViewController.m in Sources */ = {isa = PBXBuildFile; fileRef = 4B9FB9F226FB7A7C00C90790 /* AccountViewController.m */; };
		4B9FB9F926FB7A9F00C90790 /* CommunityViewController.m in Sources */ = {isa = PBXBuildFile; fileRef = 4B9FB9F826FB7A9F00C90790 /* CommunityViewController.m */; };
		4B9FB9FF26FB7AAB00C90790 /* HomeViewController.m in Sources */ = {isa = PBXBuildFile; fileRef = 4B9FB9FE26FB7AAB00C90790 /* HomeViewController.m */; };
		4B9FBA0526FB7AB600C90790 /* LoginViewController.m in Sources */ = {isa = PBXBuildFile; fileRef = 4B9FBA0426FB7AB600C90790 /* LoginViewController.m */; };
		4BBFEEA126FCAE1400E3C832 /* Enums.m in Sources */ = {isa = PBXBuildFile; fileRef = 4BBFEEA026FCAE1400E3C832 /* Enums.m */; };
		4BBFEEAA26FCB13300E3C832 /* FMDBManager.m in Sources */ = {isa = PBXBuildFile; fileRef = 4BBFEEA926FCB13300E3C832 /* FMDBManager.m */; };
		4BBFEEB026FCB57A00E3C832 /* UserModel.m in Sources */ = {isa = PBXBuildFile; fileRef = 4BBFEEAF26FCB57A00E3C832 /* UserModel.m */; };
		AE81BDD826FB6E7000AB4225 /* AppDelegate.m in Sources */ = {isa = PBXBuildFile; fileRef = AE81BDD726FB6E7000AB4225 /* AppDelegate.m */; };
		AE81BDDE26FB6E7000AB4225 /* ViewController.m in Sources */ = {isa = PBXBuildFile; fileRef = AE81BDDD26FB6E7000AB4225 /* ViewController.m */; };
		AE81BDE126FB6E7000AB4225 /* Main.storyboard in Resources */ = {isa = PBXBuildFile; fileRef = AE81BDDF26FB6E7000AB4225 /* Main.storyboard */; };
		AE81BDE326FB6E7300AB4225 /* Assets.xcassets in Resources */ = {isa = PBXBuildFile; fileRef = AE81BDE226FB6E7300AB4225 /* Assets.xcassets */; };
		AE81BDE626FB6E7300AB4225 /* LaunchScreen.storyboard in Resources */ = {isa = PBXBuildFile; fileRef = AE81BDE426FB6E7300AB4225 /* LaunchScreen.storyboard */; };
		AE81BDE926FB6E7300AB4225 /* main.m in Sources */ = {isa = PBXBuildFile; fileRef = AE81BDE826FB6E7300AB4225 /* main.m */; };
		AE81BDF326FB6E7300AB4225 /* SFShopTests.m in Sources */ = {isa = PBXBuildFile; fileRef = AE81BDF226FB6E7300AB4225 /* SFShopTests.m */; };
		AE81BDFE26FB6E7300AB4225 /* SFShopUITests.m in Sources */ = {isa = PBXBuildFile; fileRef = AE81BDFD26FB6E7300AB4225 /* SFShopUITests.m */; };
		AE81BE1426FB75B400AB4225 /* MainTabViewController.m in Sources */ = {isa = PBXBuildFile; fileRef = AE81BE1326FB75B400AB4225 /* MainTabViewController.m */; };
		AE81BE1726FCA93A00AB4225 /* SFNetworkManager.m in Sources */ = {isa = PBXBuildFile; fileRef = AE81BE1626FCA93A00AB4225 /* SFNetworkManager.m */; };
		AE81BE1A26FCA9DB00AB4225 /* SFNetworkURL.m in Sources */ = {isa = PBXBuildFile; fileRef = AE81BE1926FCA9DB00AB4225 /* SFNetworkURL.m */; };
		AE81BE1D26FCAA6800AB4225 /* SFNetworkLoginModule.m in Sources */ = {isa = PBXBuildFile; fileRef = AE81BE1C26FCAA6800AB4225 /* SFNetworkLoginModule.m */; };
		AE81BE2226FCB6E200AB4225 /* SFNetworkH5Module.m in Sources */ = {isa = PBXBuildFile; fileRef = AE81BE2126FCB6E200AB4225 /* SFNetworkH5Module.m */; };
		FE308100C144BF144EAB95E5 /* libPods-SFShop.a in Frameworks */ = {isa = PBXBuildFile; fileRef = E56812568047A87A9E20FE0E /* libPods-SFShop.a */; };
/* End PBXBuildFile section */

/* Begin PBXContainerItemProxy section */
		AE81BDEF26FB6E7300AB4225 /* PBXContainerItemProxy */ = {
			isa = PBXContainerItemProxy;
			containerPortal = AE81BDCB26FB6E7000AB4225 /* Project object */;
			proxyType = 1;
			remoteGlobalIDString = AE81BDD226FB6E7000AB4225;
			remoteInfo = SFShop;
		};
		AE81BDFA26FB6E7300AB4225 /* PBXContainerItemProxy */ = {
			isa = PBXContainerItemProxy;
			containerPortal = AE81BDCB26FB6E7000AB4225 /* Project object */;
			proxyType = 1;
			remoteGlobalIDString = AE81BDD226FB6E7000AB4225;
			remoteInfo = SFShop;
		};
/* End PBXContainerItemProxy section */

/* Begin PBXFileReference section */
		1B3C122226FC5AC500235294 /* accountInfoCell.h */ = {isa = PBXFileReference; lastKnownFileType = sourcecode.c.h; path = accountInfoCell.h; sourceTree = "<group>"; };
		1B3C122326FC5AC500235294 /* accountInfoCell.m */ = {isa = PBXFileReference; lastKnownFileType = sourcecode.c.objc; path = accountInfoCell.m; sourceTree = "<group>"; };
		1B3C122426FC5AC500235294 /* accountInfoCell.xib */ = {isa = PBXFileReference; lastKnownFileType = file.xib; path = accountInfoCell.xib; sourceTree = "<group>"; };
		1B3C122726FC706000235294 /* LoginViewController.xib */ = {isa = PBXFileReference; lastKnownFileType = file.xib; path = LoginViewController.xib; sourceTree = "<group>"; };
		1B3C122926FC7D3600235294 /* accountOrderCell.h */ = {isa = PBXFileReference; lastKnownFileType = sourcecode.c.h; path = accountOrderCell.h; sourceTree = "<group>"; };
		1B3C122A26FC7D3600235294 /* accountOrderCell.m */ = {isa = PBXFileReference; lastKnownFileType = sourcecode.c.objc; path = accountOrderCell.m; sourceTree = "<group>"; };
		1B3C122B26FC7D3600235294 /* accountOrderCell.xib */ = {isa = PBXFileReference; lastKnownFileType = file.xib; path = accountOrderCell.xib; sourceTree = "<group>"; };
		1B3C122E26FC808F00235294 /* accountSubCell.h */ = {isa = PBXFileReference; lastKnownFileType = sourcecode.c.h; path = accountSubCell.h; sourceTree = "<group>"; };
		1B3C122F26FC808F00235294 /* accountSubCell.m */ = {isa = PBXFileReference; lastKnownFileType = sourcecode.c.objc; path = accountSubCell.m; sourceTree = "<group>"; };
		1B3C123026FC808F00235294 /* accountSubCell.xib */ = {isa = PBXFileReference; lastKnownFileType = file.xib; path = accountSubCell.xib; sourceTree = "<group>"; };
		1BDBEB8B26FCB24C0018109B /* BaseNavigationController.h */ = {isa = PBXFileReference; lastKnownFileType = sourcecode.c.h; path = BaseNavigationController.h; sourceTree = "<group>"; };
		1BDBEB8C26FCB24C0018109B /* BaseNavigationController.m */ = {isa = PBXFileReference; lastKnownFileType = sourcecode.c.objc; path = BaseNavigationController.m; sourceTree = "<group>"; };
		1BDBEB8E26FCB7590018109B /* PrefixHeader.pch */ = {isa = PBXFileReference; lastKnownFileType = sourcecode.c.h; path = PrefixHeader.pch; sourceTree = "<group>"; };
		1BDBEB8F26FCB7590018109B /* Macros.h */ = {isa = PBXFileReference; lastKnownFileType = sourcecode.c.h; path = Macros.h; sourceTree = "<group>"; };
		4B253EB22B1A1046355C158C /* Pods-SFShop.debug.xcconfig */ = {isa = PBXFileReference; includeInIndex = 1; lastKnownFileType = text.xcconfig; name = "Pods-SFShop.debug.xcconfig"; path = "Target Support Files/Pods-SFShop/Pods-SFShop.debug.xcconfig"; sourceTree = "<group>"; };
		4B9FB9DA26FB7A1F00C90790 /* CartViewController.m */ = {isa = PBXFileReference; fileEncoding = 4; lastKnownFileType = sourcecode.c.objc; path = CartViewController.m; sourceTree = "<group>"; };
		4B9FB9DB26FB7A1F00C90790 /* CartViewController.h */ = {isa = PBXFileReference; fileEncoding = 4; lastKnownFileType = sourcecode.c.h; path = CartViewController.h; sourceTree = "<group>"; };
		4B9FB9F126FB7A7C00C90790 /* AccountViewController.h */ = {isa = PBXFileReference; lastKnownFileType = sourcecode.c.h; path = AccountViewController.h; sourceTree = "<group>"; };
		4B9FB9F226FB7A7C00C90790 /* AccountViewController.m */ = {isa = PBXFileReference; lastKnownFileType = sourcecode.c.objc; path = AccountViewController.m; sourceTree = "<group>"; };
		4B9FB9F726FB7A9F00C90790 /* CommunityViewController.h */ = {isa = PBXFileReference; lastKnownFileType = sourcecode.c.h; path = CommunityViewController.h; sourceTree = "<group>"; };
		4B9FB9F826FB7A9F00C90790 /* CommunityViewController.m */ = {isa = PBXFileReference; lastKnownFileType = sourcecode.c.objc; path = CommunityViewController.m; sourceTree = "<group>"; };
		4B9FB9FD26FB7AAB00C90790 /* HomeViewController.h */ = {isa = PBXFileReference; lastKnownFileType = sourcecode.c.h; path = HomeViewController.h; sourceTree = "<group>"; };
		4B9FB9FE26FB7AAB00C90790 /* HomeViewController.m */ = {isa = PBXFileReference; lastKnownFileType = sourcecode.c.objc; path = HomeViewController.m; sourceTree = "<group>"; };
		4B9FBA0326FB7AB600C90790 /* LoginViewController.h */ = {isa = PBXFileReference; lastKnownFileType = sourcecode.c.h; path = LoginViewController.h; sourceTree = "<group>"; };
		4B9FBA0426FB7AB600C90790 /* LoginViewController.m */ = {isa = PBXFileReference; lastKnownFileType = sourcecode.c.objc; path = LoginViewController.m; sourceTree = "<group>"; };
		4BBFEE9F26FCAE1400E3C832 /* Enums.h */ = {isa = PBXFileReference; lastKnownFileType = sourcecode.c.h; path = Enums.h; sourceTree = "<group>"; };
		4BBFEEA026FCAE1400E3C832 /* Enums.m */ = {isa = PBXFileReference; lastKnownFileType = sourcecode.c.objc; path = Enums.m; sourceTree = "<group>"; };
		4BBFEEA826FCB13300E3C832 /* FMDBManager.h */ = {isa = PBXFileReference; lastKnownFileType = sourcecode.c.h; path = FMDBManager.h; sourceTree = "<group>"; };
		4BBFEEA926FCB13300E3C832 /* FMDBManager.m */ = {isa = PBXFileReference; lastKnownFileType = sourcecode.c.objc; path = FMDBManager.m; sourceTree = "<group>"; };
		4BBFEEAE26FCB57A00E3C832 /* UserModel.h */ = {isa = PBXFileReference; lastKnownFileType = sourcecode.c.h; path = UserModel.h; sourceTree = "<group>"; };
		4BBFEEAF26FCB57A00E3C832 /* UserModel.m */ = {isa = PBXFileReference; lastKnownFileType = sourcecode.c.objc; path = UserModel.m; sourceTree = "<group>"; };
		50C18A765FB0CB2B73BD23A2 /* Pods-SFShop.release.xcconfig */ = {isa = PBXFileReference; includeInIndex = 1; lastKnownFileType = text.xcconfig; name = "Pods-SFShop.release.xcconfig"; path = "Pods/Target Support Files/Pods-SFShop/Pods-SFShop.release.xcconfig"; sourceTree = "<group>"; };
		7B387B141A9718B8B8605036 /* Pods-SFShop.release.xcconfig */ = {isa = PBXFileReference; includeInIndex = 1; lastKnownFileType = text.xcconfig; name = "Pods-SFShop.release.xcconfig"; path = "Target Support Files/Pods-SFShop/Pods-SFShop.release.xcconfig"; sourceTree = "<group>"; };
		ABCFEC0B341B688C59EBE3B6 /* Pods-SFShop.debug.xcconfig */ = {isa = PBXFileReference; includeInIndex = 1; lastKnownFileType = text.xcconfig; name = "Pods-SFShop.debug.xcconfig"; path = "Pods/Target Support Files/Pods-SFShop/Pods-SFShop.debug.xcconfig"; sourceTree = "<group>"; };
		AE81BDD326FB6E7000AB4225 /* SFShop.app */ = {isa = PBXFileReference; explicitFileType = wrapper.application; includeInIndex = 0; path = SFShop.app; sourceTree = BUILT_PRODUCTS_DIR; };
		AE81BDD626FB6E7000AB4225 /* AppDelegate.h */ = {isa = PBXFileReference; lastKnownFileType = sourcecode.c.h; path = AppDelegate.h; sourceTree = "<group>"; };
		AE81BDD726FB6E7000AB4225 /* AppDelegate.m */ = {isa = PBXFileReference; lastKnownFileType = sourcecode.c.objc; path = AppDelegate.m; sourceTree = "<group>"; };
		AE81BDDC26FB6E7000AB4225 /* ViewController.h */ = {isa = PBXFileReference; lastKnownFileType = sourcecode.c.h; path = ViewController.h; sourceTree = "<group>"; };
		AE81BDDD26FB6E7000AB4225 /* ViewController.m */ = {isa = PBXFileReference; lastKnownFileType = sourcecode.c.objc; path = ViewController.m; sourceTree = "<group>"; };
		AE81BDE026FB6E7000AB4225 /* Base */ = {isa = PBXFileReference; lastKnownFileType = file.storyboard; name = Base; path = Base.lproj/Main.storyboard; sourceTree = "<group>"; };
		AE81BDE226FB6E7300AB4225 /* Assets.xcassets */ = {isa = PBXFileReference; lastKnownFileType = folder.assetcatalog; path = Assets.xcassets; sourceTree = "<group>"; };
		AE81BDE526FB6E7300AB4225 /* Base */ = {isa = PBXFileReference; lastKnownFileType = file.storyboard; name = Base; path = Base.lproj/LaunchScreen.storyboard; sourceTree = "<group>"; };
		AE81BDE726FB6E7300AB4225 /* Info.plist */ = {isa = PBXFileReference; lastKnownFileType = text.plist.xml; path = Info.plist; sourceTree = "<group>"; };
		AE81BDE826FB6E7300AB4225 /* main.m */ = {isa = PBXFileReference; lastKnownFileType = sourcecode.c.objc; path = main.m; sourceTree = "<group>"; };
		AE81BDEE26FB6E7300AB4225 /* SFShopTests.xctest */ = {isa = PBXFileReference; explicitFileType = wrapper.cfbundle; includeInIndex = 0; path = SFShopTests.xctest; sourceTree = BUILT_PRODUCTS_DIR; };
		AE81BDF226FB6E7300AB4225 /* SFShopTests.m */ = {isa = PBXFileReference; lastKnownFileType = sourcecode.c.objc; path = SFShopTests.m; sourceTree = "<group>"; };
		AE81BDF426FB6E7300AB4225 /* Info.plist */ = {isa = PBXFileReference; lastKnownFileType = text.plist.xml; path = Info.plist; sourceTree = "<group>"; };
		AE81BDF926FB6E7300AB4225 /* SFShopUITests.xctest */ = {isa = PBXFileReference; explicitFileType = wrapper.cfbundle; includeInIndex = 0; path = SFShopUITests.xctest; sourceTree = BUILT_PRODUCTS_DIR; };
		AE81BDFD26FB6E7300AB4225 /* SFShopUITests.m */ = {isa = PBXFileReference; lastKnownFileType = sourcecode.c.objc; path = SFShopUITests.m; sourceTree = "<group>"; };
		AE81BDFF26FB6E7300AB4225 /* Info.plist */ = {isa = PBXFileReference; lastKnownFileType = text.plist.xml; path = Info.plist; sourceTree = "<group>"; };
		AE81BE1226FB75B400AB4225 /* MainTabViewController.h */ = {isa = PBXFileReference; lastKnownFileType = sourcecode.c.h; path = MainTabViewController.h; sourceTree = "<group>"; };
		AE81BE1326FB75B400AB4225 /* MainTabViewController.m */ = {isa = PBXFileReference; lastKnownFileType = sourcecode.c.objc; path = MainTabViewController.m; sourceTree = "<group>"; };
		AE81BE1526FCA93A00AB4225 /* SFNetworkManager.h */ = {isa = PBXFileReference; lastKnownFileType = sourcecode.c.h; path = SFNetworkManager.h; sourceTree = "<group>"; };
		AE81BE1626FCA93A00AB4225 /* SFNetworkManager.m */ = {isa = PBXFileReference; lastKnownFileType = sourcecode.c.objc; path = SFNetworkManager.m; sourceTree = "<group>"; };
		AE81BE1826FCA9DB00AB4225 /* SFNetworkURL.h */ = {isa = PBXFileReference; lastKnownFileType = sourcecode.c.h; path = SFNetworkURL.h; sourceTree = "<group>"; };
		AE81BE1926FCA9DB00AB4225 /* SFNetworkURL.m */ = {isa = PBXFileReference; lastKnownFileType = sourcecode.c.objc; path = SFNetworkURL.m; sourceTree = "<group>"; };
		AE81BE1B26FCAA6800AB4225 /* SFNetworkLoginModule.h */ = {isa = PBXFileReference; lastKnownFileType = sourcecode.c.h; path = SFNetworkLoginModule.h; sourceTree = "<group>"; };
		AE81BE1C26FCAA6800AB4225 /* SFNetworkLoginModule.m */ = {isa = PBXFileReference; lastKnownFileType = sourcecode.c.objc; path = SFNetworkLoginModule.m; sourceTree = "<group>"; };
		AE81BE1F26FCB2E900AB4225 /* SFNetworkMacro.h */ = {isa = PBXFileReference; lastKnownFileType = sourcecode.c.h; path = SFNetworkMacro.h; sourceTree = "<group>"; };
		AE81BE2026FCB6E200AB4225 /* SFNetworkH5Module.h */ = {isa = PBXFileReference; lastKnownFileType = sourcecode.c.h; path = SFNetworkH5Module.h; sourceTree = "<group>"; };
		AE81BE2126FCB6E200AB4225 /* SFNetworkH5Module.m */ = {isa = PBXFileReference; lastKnownFileType = sourcecode.c.objc; path = SFNetworkH5Module.m; sourceTree = "<group>"; };
		E56812568047A87A9E20FE0E /* libPods-SFShop.a */ = {isa = PBXFileReference; explicitFileType = archive.ar; includeInIndex = 0; path = "libPods-SFShop.a"; sourceTree = BUILT_PRODUCTS_DIR; };
/* End PBXFileReference section */

/* Begin PBXFrameworksBuildPhase section */
		AE81BDD026FB6E7000AB4225 /* Frameworks */ = {
			isa = PBXFrameworksBuildPhase;
			buildActionMask = 2147483647;
			files = (
				FE308100C144BF144EAB95E5 /* libPods-SFShop.a in Frameworks */,
			);
			runOnlyForDeploymentPostprocessing = 0;
		};
		AE81BDEB26FB6E7300AB4225 /* Frameworks */ = {
			isa = PBXFrameworksBuildPhase;
			buildActionMask = 2147483647;
			files = (
			);
			runOnlyForDeploymentPostprocessing = 0;
		};
		AE81BDF626FB6E7300AB4225 /* Frameworks */ = {
			isa = PBXFrameworksBuildPhase;
			buildActionMask = 2147483647;
			files = (
			);
			runOnlyForDeploymentPostprocessing = 0;
		};
/* End PBXFrameworksBuildPhase section */

/* Begin PBXGroup section */
		1DFF059EB8FC08129B2B863F /* Frameworks */ = {
			isa = PBXGroup;
			children = (
				E56812568047A87A9E20FE0E /* libPods-SFShop.a */,
			);
			name = Frameworks;
			sourceTree = "<group>";
		};
		4B9FB9C626FB780700C90790 /* Modules */ = {
			isa = PBXGroup;
			children = (
				4B9FB9D826FB7A1F00C90790 /* Account */,
				4B9FB9D926FB7A1F00C90790 /* Cart */,
				4B9FB9DC26FB7A1F00C90790 /* Community */,
				4B9FB9D626FB7A1F00C90790 /* HomePage */,
				4B9FB9D726FB7A1F00C90790 /* Login */,
			);
			path = Modules;
			sourceTree = "<group>";
		};
		4B9FB9C726FB781500C90790 /* Network */ = {
			isa = PBXGroup;
			children = (
				AE81BE1526FCA93A00AB4225 /* SFNetworkManager.h */,
				AE81BE1626FCA93A00AB4225 /* SFNetworkManager.m */,
				AE81BE1826FCA9DB00AB4225 /* SFNetworkURL.h */,
				AE81BE1926FCA9DB00AB4225 /* SFNetworkURL.m */,
				AE81BE1B26FCAA6800AB4225 /* SFNetworkLoginModule.h */,
				AE81BE1C26FCAA6800AB4225 /* SFNetworkLoginModule.m */,
				AE81BE2026FCB6E200AB4225 /* SFNetworkH5Module.h */,
				AE81BE2126FCB6E200AB4225 /* SFNetworkH5Module.m */,
				AE81BE1F26FCB2E900AB4225 /* SFNetworkMacro.h */,
			);
			path = Network;
			sourceTree = "<group>";
		};
		4B9FB9C826FB781F00C90790 /* Utils */ = {
			isa = PBXGroup;
			children = (
				4BBFEEA826FCB13300E3C832 /* FMDBManager.h */,
				4BBFEEA926FCB13300E3C832 /* FMDBManager.m */,
				4BBFEEAE26FCB57A00E3C832 /* UserModel.h */,
				4BBFEEAF26FCB57A00E3C832 /* UserModel.m */,
			);
			path = Utils;
			sourceTree = "<group>";
		};
		4B9FB9C926FB782900C90790 /* Components */ = {
			isa = PBXGroup;
			children = (
			);
			path = Components;
			sourceTree = "<group>";
		};
		4B9FB9D626FB7A1F00C90790 /* HomePage */ = {
			isa = PBXGroup;
			children = (
				4B9FB9FD26FB7AAB00C90790 /* HomeViewController.h */,
				4B9FB9FE26FB7AAB00C90790 /* HomeViewController.m */,
			);
			path = HomePage;
			sourceTree = "<group>";
		};
		4B9FB9D726FB7A1F00C90790 /* Login */ = {
			isa = PBXGroup;
			children = (
				4B9FBA0326FB7AB600C90790 /* LoginViewController.h */,
				4B9FBA0426FB7AB600C90790 /* LoginViewController.m */,
				1B3C122726FC706000235294 /* LoginViewController.xib */,
			);
			path = Login;
			sourceTree = "<group>";
		};
		4B9FB9D826FB7A1F00C90790 /* Account */ = {
			isa = PBXGroup;
			children = (
				4B9FB9F126FB7A7C00C90790 /* AccountViewController.h */,
				4B9FB9F226FB7A7C00C90790 /* AccountViewController.m */,
				1B3C122226FC5AC500235294 /* accountInfoCell.h */,
				1B3C122326FC5AC500235294 /* accountInfoCell.m */,
				1B3C122426FC5AC500235294 /* accountInfoCell.xib */,
				1B3C122926FC7D3600235294 /* accountOrderCell.h */,
				1B3C122A26FC7D3600235294 /* accountOrderCell.m */,
				1B3C122B26FC7D3600235294 /* accountOrderCell.xib */,
				1B3C122E26FC808F00235294 /* accountSubCell.h */,
				1B3C122F26FC808F00235294 /* accountSubCell.m */,
				1B3C123026FC808F00235294 /* accountSubCell.xib */,
			);
			path = Account;
			sourceTree = "<group>";
		};
		4B9FB9D926FB7A1F00C90790 /* Cart */ = {
			isa = PBXGroup;
			children = (
				4B9FB9DA26FB7A1F00C90790 /* CartViewController.m */,
				4B9FB9DB26FB7A1F00C90790 /* CartViewController.h */,
			);
			path = Cart;
			sourceTree = "<group>";
		};
		4B9FB9DC26FB7A1F00C90790 /* Community */ = {
			isa = PBXGroup;
			children = (
				4B9FB9F726FB7A9F00C90790 /* CommunityViewController.h */,
				4B9FB9F826FB7A9F00C90790 /* CommunityViewController.m */,
			);
			path = Community;
			sourceTree = "<group>";
		};
		4BBFEE9E26FCADDA00E3C832 /* Const */ = {
			isa = PBXGroup;
			children = (
				4BBFEE9F26FCAE1400E3C832 /* Enums.h */,
				4BBFEEA026FCAE1400E3C832 /* Enums.m */,
				1BDBEB8F26FCB7590018109B /* Macros.h */,
				1BDBEB8E26FCB7590018109B /* PrefixHeader.pch */,
			);
			path = Const;
			sourceTree = "<group>";
		};
		5F495DF51211647EC3AA0C0D /* Pods */ = {
			isa = PBXGroup;
			children = (
				4B253EB22B1A1046355C158C /* Pods-SFShop.debug.xcconfig */,
				7B387B141A9718B8B8605036 /* Pods-SFShop.release.xcconfig */,
				ABCFEC0B341B688C59EBE3B6 /* Pods-SFShop.debug.xcconfig */,
				50C18A765FB0CB2B73BD23A2 /* Pods-SFShop.release.xcconfig */,
			);
			path = Pods;
			sourceTree = "<group>";
		};
		AE81BDCA26FB6E7000AB4225 = {
			isa = PBXGroup;
			children = (
				AE81BDD526FB6E7000AB4225 /* SFShop */,
				AE81BDF126FB6E7300AB4225 /* SFShopTests */,
				AE81BDFC26FB6E7300AB4225 /* SFShopUITests */,
				AE81BDD426FB6E7000AB4225 /* Products */,
				5F495DF51211647EC3AA0C0D /* Pods */,
				1DFF059EB8FC08129B2B863F /* Frameworks */,
			);
			sourceTree = "<group>";
		};
		AE81BDD426FB6E7000AB4225 /* Products */ = {
			isa = PBXGroup;
			children = (
				AE81BDD326FB6E7000AB4225 /* SFShop.app */,
				AE81BDEE26FB6E7300AB4225 /* SFShopTests.xctest */,
				AE81BDF926FB6E7300AB4225 /* SFShopUITests.xctest */,
			);
			name = Products;
			sourceTree = "<group>";
		};
		AE81BDD526FB6E7000AB4225 /* SFShop */ = {
			isa = PBXGroup;
			children = (
				4BBFEE9E26FCADDA00E3C832 /* Const */,
				4B9FB9C926FB782900C90790 /* Components */,
				4B9FB9C826FB781F00C90790 /* Utils */,
				4B9FB9C726FB781500C90790 /* Network */,
				AE81BE0B26FB734E00AB4225 /* Main */,
				4B9FB9C626FB780700C90790 /* Modules */,
				AE81BDE226FB6E7300AB4225 /* Assets.xcassets */,
				AE81BDE426FB6E7300AB4225 /* LaunchScreen.storyboard */,
				AE81BDE726FB6E7300AB4225 /* Info.plist */,
				AE81BDDF26FB6E7000AB4225 /* Main.storyboard */,
			);
			path = SFShop;
			sourceTree = "<group>";
		};
		AE81BDF126FB6E7300AB4225 /* SFShopTests */ = {
			isa = PBXGroup;
			children = (
				AE81BDF226FB6E7300AB4225 /* SFShopTests.m */,
				AE81BDF426FB6E7300AB4225 /* Info.plist */,
			);
			path = SFShopTests;
			sourceTree = "<group>";
		};
		AE81BDFC26FB6E7300AB4225 /* SFShopUITests */ = {
			isa = PBXGroup;
			children = (
				AE81BDFD26FB6E7300AB4225 /* SFShopUITests.m */,
				AE81BDFF26FB6E7300AB4225 /* Info.plist */,
			);
			path = SFShopUITests;
			sourceTree = "<group>";
		};
		AE81BE0B26FB734E00AB4225 /* Main */ = {
			isa = PBXGroup;
			children = (
				AE81BDD626FB6E7000AB4225 /* AppDelegate.h */,
				AE81BDD726FB6E7000AB4225 /* AppDelegate.m */,
				AE81BDDC26FB6E7000AB4225 /* ViewController.h */,
				AE81BDDD26FB6E7000AB4225 /* ViewController.m */,
				AE81BDE826FB6E7300AB4225 /* main.m */,
				AE81BE1226FB75B400AB4225 /* MainTabViewController.h */,
				AE81BE1326FB75B400AB4225 /* MainTabViewController.m */,
				1BDBEB8B26FCB24C0018109B /* BaseNavigationController.h */,
				1BDBEB8C26FCB24C0018109B /* BaseNavigationController.m */,
			);
			path = Main;
			sourceTree = "<group>";
		};
/* End PBXGroup section */

/* Begin PBXNativeTarget section */
		AE81BDD226FB6E7000AB4225 /* SFShop */ = {
			isa = PBXNativeTarget;
			buildConfigurationList = AE81BE0226FB6E7300AB4225 /* Build configuration list for PBXNativeTarget "SFShop" */;
			buildPhases = (
				67798DB90A38B1C6BB6EED16 /* [CP] Check Pods Manifest.lock */,
				AE81BDCF26FB6E7000AB4225 /* Sources */,
				AE81BDD026FB6E7000AB4225 /* Frameworks */,
				AE81BDD126FB6E7000AB4225 /* Resources */,
				6403442AF64306CB9780A823 /* [CP] Copy Pods Resources */,
			);
			buildRules = (
			);
			dependencies = (
			);
			name = SFShop;
			productName = SFShop;
			productReference = AE81BDD326FB6E7000AB4225 /* SFShop.app */;
			productType = "com.apple.product-type.application";
		};
		AE81BDED26FB6E7300AB4225 /* SFShopTests */ = {
			isa = PBXNativeTarget;
			buildConfigurationList = AE81BE0526FB6E7300AB4225 /* Build configuration list for PBXNativeTarget "SFShopTests" */;
			buildPhases = (
				AE81BDEA26FB6E7300AB4225 /* Sources */,
				AE81BDEB26FB6E7300AB4225 /* Frameworks */,
				AE81BDEC26FB6E7300AB4225 /* Resources */,
			);
			buildRules = (
			);
			dependencies = (
				AE81BDF026FB6E7300AB4225 /* PBXTargetDependency */,
			);
			name = SFShopTests;
			productName = SFShopTests;
			productReference = AE81BDEE26FB6E7300AB4225 /* SFShopTests.xctest */;
			productType = "com.apple.product-type.bundle.unit-test";
		};
		AE81BDF826FB6E7300AB4225 /* SFShopUITests */ = {
			isa = PBXNativeTarget;
			buildConfigurationList = AE81BE0826FB6E7300AB4225 /* Build configuration list for PBXNativeTarget "SFShopUITests" */;
			buildPhases = (
				AE81BDF526FB6E7300AB4225 /* Sources */,
				AE81BDF626FB6E7300AB4225 /* Frameworks */,
				AE81BDF726FB6E7300AB4225 /* Resources */,
			);
			buildRules = (
			);
			dependencies = (
				AE81BDFB26FB6E7300AB4225 /* PBXTargetDependency */,
			);
			name = SFShopUITests;
			productName = SFShopUITests;
			productReference = AE81BDF926FB6E7300AB4225 /* SFShopUITests.xctest */;
			productType = "com.apple.product-type.bundle.ui-testing";
		};
/* End PBXNativeTarget section */

/* Begin PBXProject section */
		AE81BDCB26FB6E7000AB4225 /* Project object */ = {
			isa = PBXProject;
			attributes = {
				LastUpgradeCheck = 1250;
				TargetAttributes = {
					AE81BDD226FB6E7000AB4225 = {
						CreatedOnToolsVersion = 12.5.1;
					};
					AE81BDED26FB6E7300AB4225 = {
						CreatedOnToolsVersion = 12.5.1;
						TestTargetID = AE81BDD226FB6E7000AB4225;
					};
					AE81BDF826FB6E7300AB4225 = {
						CreatedOnToolsVersion = 12.5.1;
						TestTargetID = AE81BDD226FB6E7000AB4225;
					};
				};
			};
			buildConfigurationList = AE81BDCE26FB6E7000AB4225 /* Build configuration list for PBXProject "SFShop" */;
			compatibilityVersion = "Xcode 9.3";
			developmentRegion = en;
			hasScannedForEncodings = 0;
			knownRegions = (
				en,
				Base,
			);
			mainGroup = AE81BDCA26FB6E7000AB4225;
			productRefGroup = AE81BDD426FB6E7000AB4225 /* Products */;
			projectDirPath = "";
			projectRoot = "";
			targets = (
				AE81BDD226FB6E7000AB4225 /* SFShop */,
				AE81BDED26FB6E7300AB4225 /* SFShopTests */,
				AE81BDF826FB6E7300AB4225 /* SFShopUITests */,
			);
		};
/* End PBXProject section */

/* Begin PBXResourcesBuildPhase section */
		AE81BDD126FB6E7000AB4225 /* Resources */ = {
			isa = PBXResourcesBuildPhase;
			buildActionMask = 2147483647;
			files = (
				1B3C122826FC706000235294 /* LoginViewController.xib in Resources */,
				AE81BDE626FB6E7300AB4225 /* LaunchScreen.storyboard in Resources */,
				1B3C123226FC808F00235294 /* accountSubCell.xib in Resources */,
				1B3C122626FC5AC500235294 /* accountInfoCell.xib in Resources */,
				AE81BDE326FB6E7300AB4225 /* Assets.xcassets in Resources */,
				1B3C122D26FC7D3600235294 /* accountOrderCell.xib in Resources */,
				AE81BDE126FB6E7000AB4225 /* Main.storyboard in Resources */,
			);
			runOnlyForDeploymentPostprocessing = 0;
		};
		AE81BDEC26FB6E7300AB4225 /* Resources */ = {
			isa = PBXResourcesBuildPhase;
			buildActionMask = 2147483647;
			files = (
			);
			runOnlyForDeploymentPostprocessing = 0;
		};
		AE81BDF726FB6E7300AB4225 /* Resources */ = {
			isa = PBXResourcesBuildPhase;
			buildActionMask = 2147483647;
			files = (
			);
			runOnlyForDeploymentPostprocessing = 0;
		};
/* End PBXResourcesBuildPhase section */

/* Begin PBXShellScriptBuildPhase section */
		6403442AF64306CB9780A823 /* [CP] Copy Pods Resources */ = {
			isa = PBXShellScriptBuildPhase;
			buildActionMask = 2147483647;
			files = (
			);
			inputFileListPaths = (
				"${PODS_ROOT}/Target Support Files/Pods-SFShop/Pods-SFShop-resources-${CONFIGURATION}-input-files.xcfilelist",
			);
			name = "[CP] Copy Pods Resources";
			outputFileListPaths = (
				"${PODS_ROOT}/Target Support Files/Pods-SFShop/Pods-SFShop-resources-${CONFIGURATION}-output-files.xcfilelist",
			);
			runOnlyForDeploymentPostprocessing = 0;
			shellPath = /bin/sh;
			shellScript = "\"${PODS_ROOT}/Target Support Files/Pods-SFShop/Pods-SFShop-resources.sh\"\n";
			showEnvVarsInLog = 0;
		};
		67798DB90A38B1C6BB6EED16 /* [CP] Check Pods Manifest.lock */ = {
			isa = PBXShellScriptBuildPhase;
			buildActionMask = 2147483647;
			files = (
			);
			inputFileListPaths = (
			);
			inputPaths = (
				"${PODS_PODFILE_DIR_PATH}/Podfile.lock",
				"${PODS_ROOT}/Manifest.lock",
			);
			name = "[CP] Check Pods Manifest.lock";
			outputFileListPaths = (
			);
			outputPaths = (
				"$(DERIVED_FILE_DIR)/Pods-SFShop-checkManifestLockResult.txt",
			);
			runOnlyForDeploymentPostprocessing = 0;
			shellPath = /bin/sh;
			shellScript = "diff \"${PODS_PODFILE_DIR_PATH}/Podfile.lock\" \"${PODS_ROOT}/Manifest.lock\" > /dev/null\nif [ $? != 0 ] ; then\n    # print error to STDERR\n    echo \"error: The sandbox is not in sync with the Podfile.lock. Run 'pod install' or update your CocoaPods installation.\" >&2\n    exit 1\nfi\n# This output is used by Xcode 'outputs' to avoid re-running this script phase.\necho \"SUCCESS\" > \"${SCRIPT_OUTPUT_FILE_0}\"\n";
			showEnvVarsInLog = 0;
		};
/* End PBXShellScriptBuildPhase section */

/* Begin PBXSourcesBuildPhase section */
		AE81BDCF26FB6E7000AB4225 /* Sources */ = {
			isa = PBXSourcesBuildPhase;
			buildActionMask = 2147483647;
			files = (
				AE81BDDE26FB6E7000AB4225 /* ViewController.m in Sources */,
				1B3C122C26FC7D3600235294 /* accountOrderCell.m in Sources */,
				4BBFEEAA26FCB13300E3C832 /* FMDBManager.m in Sources */,
				4B9FB9DD26FB7A1F00C90790 /* CartViewController.m in Sources */,
				AE81BE1A26FCA9DB00AB4225 /* SFNetworkURL.m in Sources */,
				AE81BE2226FCB6E200AB4225 /* SFNetworkH5Module.m in Sources */,
				AE81BE1426FB75B400AB4225 /* MainTabViewController.m in Sources */,
				4B9FB9F926FB7A9F00C90790 /* CommunityViewController.m in Sources */,
				AE81BDD826FB6E7000AB4225 /* AppDelegate.m in Sources */,
				1BDBEB8D26FCB24C0018109B /* BaseNavigationController.m in Sources */,
				1B3C123126FC808F00235294 /* accountSubCell.m in Sources */,
				AE81BE1726FCA93A00AB4225 /* SFNetworkManager.m in Sources */,
				1B3C122526FC5AC500235294 /* accountInfoCell.m in Sources */,
				4BBFEEA126FCAE1400E3C832 /* Enums.m in Sources */,
				4B9FBA0526FB7AB600C90790 /* LoginViewController.m in Sources */,
				4BBFEEB026FCB57A00E3C832 /* UserModel.m in Sources */,
				4B9FB9F326FB7A7C00C90790 /* AccountViewController.m in Sources */,
				AE81BE1D26FCAA6800AB4225 /* SFNetworkLoginModule.m in Sources */,
				AE81BDE926FB6E7300AB4225 /* main.m in Sources */,
				4B9FB9FF26FB7AAB00C90790 /* HomeViewController.m in Sources */,
			);
			runOnlyForDeploymentPostprocessing = 0;
		};
		AE81BDEA26FB6E7300AB4225 /* Sources */ = {
			isa = PBXSourcesBuildPhase;
			buildActionMask = 2147483647;
			files = (
				AE81BDF326FB6E7300AB4225 /* SFShopTests.m in Sources */,
			);
			runOnlyForDeploymentPostprocessing = 0;
		};
		AE81BDF526FB6E7300AB4225 /* Sources */ = {
			isa = PBXSourcesBuildPhase;
			buildActionMask = 2147483647;
			files = (
				AE81BDFE26FB6E7300AB4225 /* SFShopUITests.m in Sources */,
			);
			runOnlyForDeploymentPostprocessing = 0;
		};
/* End PBXSourcesBuildPhase section */

/* Begin PBXTargetDependency section */
		AE81BDF026FB6E7300AB4225 /* PBXTargetDependency */ = {
			isa = PBXTargetDependency;
			target = AE81BDD226FB6E7000AB4225 /* SFShop */;
			targetProxy = AE81BDEF26FB6E7300AB4225 /* PBXContainerItemProxy */;
		};
		AE81BDFB26FB6E7300AB4225 /* PBXTargetDependency */ = {
			isa = PBXTargetDependency;
			target = AE81BDD226FB6E7000AB4225 /* SFShop */;
			targetProxy = AE81BDFA26FB6E7300AB4225 /* PBXContainerItemProxy */;
		};
/* End PBXTargetDependency section */

/* Begin PBXVariantGroup section */
		AE81BDDF26FB6E7000AB4225 /* Main.storyboard */ = {
			isa = PBXVariantGroup;
			children = (
				AE81BDE026FB6E7000AB4225 /* Base */,
			);
			name = Main.storyboard;
			sourceTree = "<group>";
		};
		AE81BDE426FB6E7300AB4225 /* LaunchScreen.storyboard */ = {
			isa = PBXVariantGroup;
			children = (
				AE81BDE526FB6E7300AB4225 /* Base */,
			);
			name = LaunchScreen.storyboard;
			sourceTree = "<group>";
		};
/* End PBXVariantGroup section */

/* Begin XCBuildConfiguration section */
		AE81BE0026FB6E7300AB4225 /* Debug */ = {
			isa = XCBuildConfiguration;
			buildSettings = {
				ALWAYS_SEARCH_USER_PATHS = NO;
				CLANG_ANALYZER_NONNULL = YES;
				CLANG_ANALYZER_NUMBER_OBJECT_CONVERSION = YES_AGGRESSIVE;
				CLANG_CXX_LANGUAGE_STANDARD = "gnu++14";
				CLANG_CXX_LIBRARY = "libc++";
				CLANG_ENABLE_MODULES = YES;
				CLANG_ENABLE_OBJC_ARC = YES;
				CLANG_ENABLE_OBJC_WEAK = YES;
				CLANG_WARN_BLOCK_CAPTURE_AUTORELEASING = YES;
				CLANG_WARN_BOOL_CONVERSION = YES;
				CLANG_WARN_COMMA = YES;
				CLANG_WARN_CONSTANT_CONVERSION = YES;
				CLANG_WARN_DEPRECATED_OBJC_IMPLEMENTATIONS = YES;
				CLANG_WARN_DIRECT_OBJC_ISA_USAGE = YES_ERROR;
				CLANG_WARN_DOCUMENTATION_COMMENTS = YES;
				CLANG_WARN_EMPTY_BODY = YES;
				CLANG_WARN_ENUM_CONVERSION = YES;
				CLANG_WARN_INFINITE_RECURSION = YES;
				CLANG_WARN_INT_CONVERSION = YES;
				CLANG_WARN_NON_LITERAL_NULL_CONVERSION = YES;
				CLANG_WARN_OBJC_IMPLICIT_RETAIN_SELF = YES;
				CLANG_WARN_OBJC_LITERAL_CONVERSION = YES;
				CLANG_WARN_OBJC_ROOT_CLASS = YES_ERROR;
				CLANG_WARN_QUOTED_INCLUDE_IN_FRAMEWORK_HEADER = YES;
				CLANG_WARN_RANGE_LOOP_ANALYSIS = YES;
				CLANG_WARN_STRICT_PROTOTYPES = YES;
				CLANG_WARN_SUSPICIOUS_MOVE = YES;
				CLANG_WARN_UNGUARDED_AVAILABILITY = YES_AGGRESSIVE;
				CLANG_WARN_UNREACHABLE_CODE = YES;
				CLANG_WARN__DUPLICATE_METHOD_MATCH = YES;
				COPY_PHASE_STRIP = NO;
				DEBUG_INFORMATION_FORMAT = dwarf;
				ENABLE_STRICT_OBJC_MSGSEND = YES;
				ENABLE_TESTABILITY = YES;
				GCC_C_LANGUAGE_STANDARD = gnu11;
				GCC_DYNAMIC_NO_PIC = NO;
				GCC_NO_COMMON_BLOCKS = YES;
				GCC_OPTIMIZATION_LEVEL = 0;
				GCC_PREPROCESSOR_DEFINITIONS = (
					"DEBUG=1",
					"$(inherited)",
				);
				GCC_WARN_64_TO_32_BIT_CONVERSION = YES;
				GCC_WARN_ABOUT_RETURN_TYPE = YES_ERROR;
				GCC_WARN_UNDECLARED_SELECTOR = YES;
				GCC_WARN_UNINITIALIZED_AUTOS = YES_AGGRESSIVE;
				GCC_WARN_UNUSED_FUNCTION = YES;
				GCC_WARN_UNUSED_VARIABLE = YES;
				IPHONEOS_DEPLOYMENT_TARGET = 10.0;
				MTL_ENABLE_DEBUG_INFO = INCLUDE_SOURCE;
				MTL_FAST_MATH = YES;
				ONLY_ACTIVE_ARCH = YES;
				SDKROOT = iphoneos;
			};
			name = Debug;
		};
		AE81BE0126FB6E7300AB4225 /* Release */ = {
			isa = XCBuildConfiguration;
			buildSettings = {
				ALWAYS_SEARCH_USER_PATHS = NO;
				CLANG_ANALYZER_NONNULL = YES;
				CLANG_ANALYZER_NUMBER_OBJECT_CONVERSION = YES_AGGRESSIVE;
				CLANG_CXX_LANGUAGE_STANDARD = "gnu++14";
				CLANG_CXX_LIBRARY = "libc++";
				CLANG_ENABLE_MODULES = YES;
				CLANG_ENABLE_OBJC_ARC = YES;
				CLANG_ENABLE_OBJC_WEAK = YES;
				CLANG_WARN_BLOCK_CAPTURE_AUTORELEASING = YES;
				CLANG_WARN_BOOL_CONVERSION = YES;
				CLANG_WARN_COMMA = YES;
				CLANG_WARN_CONSTANT_CONVERSION = YES;
				CLANG_WARN_DEPRECATED_OBJC_IMPLEMENTATIONS = YES;
				CLANG_WARN_DIRECT_OBJC_ISA_USAGE = YES_ERROR;
				CLANG_WARN_DOCUMENTATION_COMMENTS = YES;
				CLANG_WARN_EMPTY_BODY = YES;
				CLANG_WARN_ENUM_CONVERSION = YES;
				CLANG_WARN_INFINITE_RECURSION = YES;
				CLANG_WARN_INT_CONVERSION = YES;
				CLANG_WARN_NON_LITERAL_NULL_CONVERSION = YES;
				CLANG_WARN_OBJC_IMPLICIT_RETAIN_SELF = YES;
				CLANG_WARN_OBJC_LITERAL_CONVERSION = YES;
				CLANG_WARN_OBJC_ROOT_CLASS = YES_ERROR;
				CLANG_WARN_QUOTED_INCLUDE_IN_FRAMEWORK_HEADER = YES;
				CLANG_WARN_RANGE_LOOP_ANALYSIS = YES;
				CLANG_WARN_STRICT_PROTOTYPES = YES;
				CLANG_WARN_SUSPICIOUS_MOVE = YES;
				CLANG_WARN_UNGUARDED_AVAILABILITY = YES_AGGRESSIVE;
				CLANG_WARN_UNREACHABLE_CODE = YES;
				CLANG_WARN__DUPLICATE_METHOD_MATCH = YES;
				COPY_PHASE_STRIP = NO;
				DEBUG_INFORMATION_FORMAT = "dwarf-with-dsym";
				ENABLE_NS_ASSERTIONS = NO;
				ENABLE_STRICT_OBJC_MSGSEND = YES;
				GCC_C_LANGUAGE_STANDARD = gnu11;
				GCC_NO_COMMON_BLOCKS = YES;
				GCC_WARN_64_TO_32_BIT_CONVERSION = YES;
				GCC_WARN_ABOUT_RETURN_TYPE = YES_ERROR;
				GCC_WARN_UNDECLARED_SELECTOR = YES;
				GCC_WARN_UNINITIALIZED_AUTOS = YES_AGGRESSIVE;
				GCC_WARN_UNUSED_FUNCTION = YES;
				GCC_WARN_UNUSED_VARIABLE = YES;
				IPHONEOS_DEPLOYMENT_TARGET = 10.0;
				MTL_ENABLE_DEBUG_INFO = NO;
				MTL_FAST_MATH = YES;
				SDKROOT = iphoneos;
				VALIDATE_PRODUCT = YES;
			};
			name = Release;
		};
		AE81BE0326FB6E7300AB4225 /* Debug */ = {
			isa = XCBuildConfiguration;
			baseConfigurationReference = 4B253EB22B1A1046355C158C /* Pods-SFShop.debug.xcconfig */;
			buildSettings = {
				ASSETCATALOG_COMPILER_APPICON_NAME = AppIcon;
				ASSETCATALOG_COMPILER_GLOBAL_ACCENT_COLOR_NAME = AccentColor;
				CODE_SIGN_STYLE = Automatic;
				DEVELOPMENT_TEAM = 45TSGW46CH;
				GCC_PRECOMPILE_PREFIX_HEADER = YES;
				GCC_PREFIX_HEADER = "$(SRCROOT)/SFShop/Const/PrefixHeader.pch";
				INFOPLIST_FILE = SFShop/Info.plist;
				LD_RUNPATH_SEARCH_PATHS = (
					"$(inherited)",
					"@executable_path/Frameworks",
				);
				PRODUCT_BUNDLE_IDENTIFIER = com.chuangwei.sfshop.SFShop;
				PRODUCT_NAME = "$(TARGET_NAME)";
				TARGETED_DEVICE_FAMILY = "1,2";
			};
			name = Debug;
		};
		AE81BE0426FB6E7300AB4225 /* Release */ = {
			isa = XCBuildConfiguration;
			baseConfigurationReference = 7B387B141A9718B8B8605036 /* Pods-SFShop.release.xcconfig */;
			buildSettings = {
				ASSETCATALOG_COMPILER_APPICON_NAME = AppIcon;
				ASSETCATALOG_COMPILER_GLOBAL_ACCENT_COLOR_NAME = AccentColor;
				CODE_SIGN_STYLE = Automatic;
				DEVELOPMENT_TEAM = 45TSGW46CH;
				GCC_PRECOMPILE_PREFIX_HEADER = YES;
				GCC_PREFIX_HEADER = "$(SRCROOT)/SFShop/Const/PrefixHeader.pch";
				INFOPLIST_FILE = SFShop/Info.plist;
				LD_RUNPATH_SEARCH_PATHS = (
					"$(inherited)",
					"@executable_path/Frameworks",
				);
				PRODUCT_BUNDLE_IDENTIFIER = com.chuangwei.sfshop.SFShop;
				PRODUCT_NAME = "$(TARGET_NAME)";
				TARGETED_DEVICE_FAMILY = "1,2";
			};
			name = Release;
		};
		AE81BE0626FB6E7300AB4225 /* Debug */ = {
			isa = XCBuildConfiguration;
			buildSettings = {
				BUNDLE_LOADER = "$(TEST_HOST)";
				CODE_SIGN_STYLE = Automatic;
				DEVELOPMENT_TEAM = 45TSGW46CH;
				INFOPLIST_FILE = SFShopTests/Info.plist;
				IPHONEOS_DEPLOYMENT_TARGET = 14.5;
				LD_RUNPATH_SEARCH_PATHS = (
					"$(inherited)",
					"@executable_path/Frameworks",
					"@loader_path/Frameworks",
				);
				PRODUCT_BUNDLE_IDENTIFIER = com.chuangwei.sfshop.SFShopTests;
				PRODUCT_NAME = "$(TARGET_NAME)";
				TARGETED_DEVICE_FAMILY = "1,2";
				TEST_HOST = "$(BUILT_PRODUCTS_DIR)/SFShop.app/SFShop";
			};
			name = Debug;
		};
		AE81BE0726FB6E7300AB4225 /* Release */ = {
			isa = XCBuildConfiguration;
			buildSettings = {
				BUNDLE_LOADER = "$(TEST_HOST)";
				CODE_SIGN_STYLE = Automatic;
				DEVELOPMENT_TEAM = 45TSGW46CH;
				INFOPLIST_FILE = SFShopTests/Info.plist;
				IPHONEOS_DEPLOYMENT_TARGET = 14.5;
				LD_RUNPATH_SEARCH_PATHS = (
					"$(inherited)",
					"@executable_path/Frameworks",
					"@loader_path/Frameworks",
				);
				PRODUCT_BUNDLE_IDENTIFIER = com.chuangwei.sfshop.SFShopTests;
				PRODUCT_NAME = "$(TARGET_NAME)";
				TARGETED_DEVICE_FAMILY = "1,2";
				TEST_HOST = "$(BUILT_PRODUCTS_DIR)/SFShop.app/SFShop";
			};
			name = Release;
		};
		AE81BE0926FB6E7300AB4225 /* Debug */ = {
			isa = XCBuildConfiguration;
			buildSettings = {
				CODE_SIGN_STYLE = Automatic;
				DEVELOPMENT_TEAM = 45TSGW46CH;
				INFOPLIST_FILE = SFShopUITests/Info.plist;
				LD_RUNPATH_SEARCH_PATHS = (
					"$(inherited)",
					"@executable_path/Frameworks",
					"@loader_path/Frameworks",
				);
				PRODUCT_BUNDLE_IDENTIFIER = com.chuangwei.sfshop.SFShopUITests;
				PRODUCT_NAME = "$(TARGET_NAME)";
				TARGETED_DEVICE_FAMILY = "1,2";
				TEST_TARGET_NAME = SFShop;
			};
			name = Debug;
		};
		AE81BE0A26FB6E7300AB4225 /* Release */ = {
			isa = XCBuildConfiguration;
			buildSettings = {
				CODE_SIGN_STYLE = Automatic;
				DEVELOPMENT_TEAM = 45TSGW46CH;
				INFOPLIST_FILE = SFShopUITests/Info.plist;
				LD_RUNPATH_SEARCH_PATHS = (
					"$(inherited)",
					"@executable_path/Frameworks",
					"@loader_path/Frameworks",
				);
				PRODUCT_BUNDLE_IDENTIFIER = com.chuangwei.sfshop.SFShopUITests;
				PRODUCT_NAME = "$(TARGET_NAME)";
				TARGETED_DEVICE_FAMILY = "1,2";
				TEST_TARGET_NAME = SFShop;
			};
			name = Release;
		};
/* End XCBuildConfiguration section */

/* Begin XCConfigurationList section */
		AE81BDCE26FB6E7000AB4225 /* Build configuration list for PBXProject "SFShop" */ = {
			isa = XCConfigurationList;
			buildConfigurations = (
				AE81BE0026FB6E7300AB4225 /* Debug */,
				AE81BE0126FB6E7300AB4225 /* Release */,
			);
			defaultConfigurationIsVisible = 0;
			defaultConfigurationName = Release;
		};
		AE81BE0226FB6E7300AB4225 /* Build configuration list for PBXNativeTarget "SFShop" */ = {
			isa = XCConfigurationList;
			buildConfigurations = (
				AE81BE0326FB6E7300AB4225 /* Debug */,
				AE81BE0426FB6E7300AB4225 /* Release */,
			);
			defaultConfigurationIsVisible = 0;
			defaultConfigurationName = Release;
		};
		AE81BE0526FB6E7300AB4225 /* Build configuration list for PBXNativeTarget "SFShopTests" */ = {
			isa = XCConfigurationList;
			buildConfigurations = (
				AE81BE0626FB6E7300AB4225 /* Debug */,
				AE81BE0726FB6E7300AB4225 /* Release */,
			);
			defaultConfigurationIsVisible = 0;
			defaultConfigurationName = Release;
		};
		AE81BE0826FB6E7300AB4225 /* Build configuration list for PBXNativeTarget "SFShopUITests" */ = {
			isa = XCConfigurationList;
			buildConfigurations = (
				AE81BE0926FB6E7300AB4225 /* Debug */,
				AE81BE0A26FB6E7300AB4225 /* Release */,
			);
			defaultConfigurationIsVisible = 0;
			defaultConfigurationName = Release;
		};
/* End XCConfigurationList section */
	};
	rootObject = AE81BDCB26FB6E7000AB4225 /* Project object */;
}
